<Solution>
  <Project Path="../BgDataTypes_Lib/BgDataTypes_Lib/BgDataTypes_Lib.csproj" />
  <Project Path="../BgMoveGen/BgMoveGen/BgMoveGen.csproj" />
  <Project Path="../ConvertXgToJson_Lib/ConvertXgToJson_Lib/ConvertXgToJson_Lib.csproj" />
  <Project Path="../XgFilter_Lib/XgFilter_Lib/XgFilter_Lib.csproj" />
  <Project Path="XgFilter_Razor.Testing/XgFilter_Razor.Testing.csproj" />
  <Project Path="XgFilter_Razor.Tests/XgFilter_Razor.Tests.csproj" />
  <Project Path="XgFilter_Razor/XgFilter_Razor.csproj" />
</Solution>
